// !$*UTF8*$!
{
	archiveVersion = 1;
	classes = {
	};
	objectVersion = 50;
	objects = {

/* Begin PBXBuildFile section */
		55B781AC24A616A20036F8E5 /* AppDelegate.swift in Sources */ = {isa = PBXBuildFile; fileRef = 55B781AB24A616A20036F8E5 /* AppDelegate.swift */; };
		55B781AE24A616A20036F8E5 /* SceneDelegate.swift in Sources */ = {isa = PBXBuildFile; fileRef = 55B781AD24A616A20036F8E5 /* SceneDelegate.swift */; };
		55B781B024A616A20036F8E5 /* ViewController.swift in Sources */ = {isa = PBXBuildFile; fileRef = 55B781AF24A616A20036F8E5 /* ViewController.swift */; };
		55B781B324A616A20036F8E5 /* Main.storyboard in Resources */ = {isa = PBXBuildFile; fileRef = 55B781B124A616A20036F8E5 /* Main.storyboard */; };
		55B781B524A616A30036F8E5 /* Assets.xcassets in Resources */ = {isa = PBXBuildFile; fileRef = 55B781B424A616A30036F8E5 /* Assets.xcassets */; };
		55B781B824A616A30036F8E5 /* LaunchScreen.storyboard in Resources */ = {isa = PBXBuildFile; fileRef = 55B781B624A616A30036F8E5 /* LaunchScreen.storyboard */; };
/* End PBXBuildFile section */

/* Begin PBXFileReference section */
		55B781A824A616A20036F8E5 /* ExampleApps.app */ = {isa = PBXFileReference; explicitFileType = wrapper.application; includeInIndex = 0; path = ExampleApps.app; sourceTree = BUILT_PRODUCTS_DIR; };
		55B781AB24A616A20036F8E5 /* AppDelegate.swift */ = {isa = PBXFileReference; lastKnownFileType = sourcecode.swift; path = AppDelegate.swift; sourceTree = "<group>"; };
		55B781AD24A616A20036F8E5 /* SceneDelegate.swift */ = {isa = PBXFileReference; lastKnownFileType = sourcecode.swift; path = SceneDelegate.swift; sourceTree = "<group>"; };
		55B781AF24A616A20036F8E5 /* ViewController.swift */ = {isa = PBXFileReference; lastKnownFileType = sourcecode.swift; path = ViewController.swift; sourceTree = "<group>"; };
		55B781B224A616A20036F8E5 /* Base */ = {isa = PBXFileReference; lastKnownFileType = file.storyboard; name = Base; path = Base.lproj/Main.storyboard; sourceTree = "<group>"; };
		55B781B424A616A30036F8E5 /* Assets.xcassets */ = {isa = PBXFileReference; lastKnownFileType = folder.assetcatalog; path = Assets.xcassets; sourceTree = "<group>"; };
		55B781B724A616A30036F8E5 /* Base */ = {isa = PBXFileReference; lastKnownFileType = file.storyboard; name = Base; path = Base.lproj/LaunchScreen.storyboard; sourceTree = "<group>"; };
		55B781B924A616A30036F8E5 /* Info.plist */ = {isa = PBXFileReference; lastKnownFileType = text.plist.xml; path = Info.plist; sourceTree = "<group>"; };
/* End PBXFileReference section */

/* Begin PBXFrameworksBuildPhase section */
		55B781A524A616A20036F8E5 /* Frameworks */ = {
			isa = PBXFrameworksBuildPhase;
			buildActionMask = 2147483647;
			files = (
			);
			runOnlyForDeploymentPostprocessing = 0;
		};
/* End PBXFrameworksBuildPhase section */

/* Begin PBXGroup section */
		55B7819F24A616A20036F8E5 = {
			isa = PBXGroup;
			children = (
				55B781AA24A616A20036F8E5 /* ExampleApps */,
				55B781A924A616A20036F8E5 /* Products */,
			);
			sourceTree = "<group>";
		};
		55B781A924A616A20036F8E5 /* Products */ = {
			isa = PBXGroup;
			children = (
				55B781A824A616A20036F8E5 /* ExampleApps.app */,
			);
			name = Products;
			sourceTree = "<group>";
		};
		55B781AA24A616A20036F8E5 /* ExampleApps */ = {
			isa = PBXGroup;
			children = (
				55B781AB24A616A20036F8E5 /* AppDelegate.swift */,
				55B781AD24A616A20036F8E5 /* SceneDelegate.swift */,
				55B781AF24A616A20036F8E5 /* ViewController.swift */,
				55B781B124A616A20036F8E5 /* Main.storyboard */,
				55B781B424A616A30036F8E5 /* Assets.xcassets */,
				55B781B624A616A30036F8E5 /* LaunchScreen.storyboard */,
				55B781B924A616A30036F8E5 /* Info.plist */,
			);
			path = ExampleApps;
			sourceTree = "<group>";
		};
/* End PBXGroup section */

/* Begin PBXNativeTarget section */
		55B781A724A616A20036F8E5 /* ExampleApps */ = {
			isa = PBXNativeTarget;
			buildConfigurationList = 55B781BC24A616A30036F8E5 /* Build configuration list for PBXNativeTarget "ExampleApps" */;
			buildPhases = (
				55B781A424A616A20036F8E5 /* Sources */,
				55B781A524A616A20036F8E5 /* Frameworks */,
				55B781A624A616A20036F8E5 /* Resources */,
			);
			buildRules = (
			);
			dependencies = (
			);
			name = ExampleApps;
			productName = ExampleApps;
			productReference = 55B781A824A616A20036F8E5 /* ExampleApps.app */;
			productType = "com.apple.product-type.application";
		};
/* End PBXNativeTarget section */

/* Begin PBXProject section */
		55B781A024A616A20036F8E5 /* Project object */ = {
			isa = PBXProject;
			attributes = {
				LastSwiftUpdateCheck = 1150;
				LastUpgradeCheck = 1150;
				ORGANIZATIONNAME = Gnosis;
				TargetAttributes = {
					55B781A724A616A20036F8E5 = {
						CreatedOnToolsVersion = 11.5;
					};
				};
			};
			buildConfigurationList = 55B781A324A616A20036F8E5 /* Build configuration list for PBXProject "ExampleApps" */;
			compatibilityVersion = "Xcode 9.3";
			developmentRegion = en;
			hasScannedForEncodings = 0;
			knownRegions = (
				en,
				Base,
			);
			mainGroup = 55B7819F24A616A20036F8E5;
			productRefGroup = 55B781A924A616A20036F8E5 /* Products */;
			projectDirPath = "";
			projectRoot = "";
			targets = (
				55B781A724A616A20036F8E5 /* ExampleApps */,
			);
		};
/* End PBXProject section */

/* Begin PBXResourcesBuildPhase section */
		55B781A624A616A20036F8E5 /* Resources */ = {
			isa = PBXResourcesBuildPhase;
			buildActionMask = 2147483647;
			files = (
				55B781B824A616A30036F8E5 /* LaunchScreen.storyboard in Resources */,
				55B781B524A616A30036F8E5 /* Assets.xcassets in Resources */,
				55B781B324A616A20036F8E5 /* Main.storyboard in Resources */,
			);
			runOnlyForDeploymentPostprocessing = 0;
		};
/* End PBXResourcesBuildPhase section */

/* Begin PBXSourcesBuildPhase section */
		55B781A424A616A20036F8E5 /* Sources */ = {
			isa = PBXSourcesBuildPhase;
			buildActionMask = 2147483647;
			files = (
				55B781B024A616A20036F8E5 /* ViewController.swift in Sources */,
				55B781AC24A616A20036F8E5 /* AppDelegate.swift in Sources */,
				55B781AE24A616A20036F8E5 /* SceneDelegate.swift in Sources */,
			);
			runOnlyForDeploymentPostprocessing = 0;
		};
/* End PBXSourcesBuildPhase section */

/* Begin PBXVariantGroup section */
		55B781B124A616A20036F8E5 /* Main.storyboard */ = {
			isa = PBXVariantGroup;
			children = (
				55B781B224A616A20036F8E5 /* Base */,
			);
			name = Main.storyboard;
			sourceTree = "<group>";
		};
		55B781B624A616A30036F8E5 /* LaunchScreen.storyboard */ = {
			isa = PBXVariantGroup;
			children = (
				55B781B724A616A30036F8E5 /* Base */,
			);
			name = LaunchScreen.storyboard;
			sourceTree = "<group>";
		};
/* End PBXVariantGroup section */

/* Begin XCBuildConfiguration section */
		55B781BA24A616A30036F8E5 /* Debug */ = {
			isa = XCBuildConfiguration;
			buildSettings = {
				ALWAYS_SEARCH_USER_PATHS = NO;
				CLANG_ANALYZER_NONNULL = YES;
				CLANG_ANALYZER_NUMBER_OBJECT_CONVERSION = YES_AGGRESSIVE;
				CLANG_CXX_LANGUAGE_STANDARD = "gnu++14";
				CLANG_CXX_LIBRARY = "libc++";
				CLANG_ENABLE_MODULES = YES;
				CLANG_ENABLE_OBJC_ARC = YES;
				CLANG_ENABLE_OBJC_WEAK = YES;
				CLANG_WARN_BLOCK_CAPTURE_AUTORELEASING = YES;
				CLANG_WARN_BOOL_CONVERSION = YES;
				CLANG_WARN_COMMA = YES;
				CLANG_WARN_CONSTANT_CONVERSION = YES;
				CLANG_WARN_DEPRECATED_OBJC_IMPLEMENTATIONS = YES;
				CLANG_WARN_DIRECT_OBJC_ISA_USAGE = YES_ERROR;
				CLANG_WARN_DOCUMENTATION_COMMENTS = YES;
				CLANG_WARN_EMPTY_BODY = YES;
				CLANG_WARN_ENUM_CONVERSION = YES;
				CLANG_WARN_INFINITE_RECURSION = YES;
				CLANG_WARN_INT_CONVERSION = YES;
				CLANG_WARN_NON_LITERAL_NULL_CONVERSION = YES;
				CLANG_WARN_OBJC_IMPLICIT_RETAIN_SELF = YES;
				CLANG_WARN_OBJC_LITERAL_CONVERSION = YES;
				CLANG_WARN_OBJC_ROOT_CLASS = YES_ERROR;
				CLANG_WARN_RANGE_LOOP_ANALYSIS = YES;
				CLANG_WARN_STRICT_PROTOTYPES = YES;
				CLANG_WARN_SUSPICIOUS_MOVE = YES;
				CLANG_WARN_UNGUARDED_AVAILABILITY = YES_AGGRESSIVE;
				CLANG_WARN_UNREACHABLE_CODE = YES;
				CLANG_WARN__DUPLICATE_METHOD_MATCH = YES;
				COPY_PHASE_STRIP = NO;
				DEBUG_INFORMATION_FORMAT = dwarf;
				ENABLE_STRICT_OBJC_MSGSEND = YES;
				ENABLE_TESTABILITY = YES;
				GCC_C_LANGUAGE_STANDARD = gnu11;
				GCC_DYNAMIC_NO_PIC = NO;
				GCC_NO_COMMON_BLOCKS = YES;
				GCC_OPTIMIZATION_LEVEL = 0;
				GCC_PREPROCESSOR_DEFINITIONS = (
					"DEBUG=1",
					"$(inherited)",
				);
				GCC_WARN_64_TO_32_BIT_CONVERSION = YES;
				GCC_WARN_ABOUT_RETURN_TYPE = YES_ERROR;
				GCC_WARN_UNDECLARED_SELECTOR = YES;
				GCC_WARN_UNINITIALIZED_AUTOS = YES_AGGRESSIVE;
				GCC_WARN_UNUSED_FUNCTION = YES;
				GCC_WARN_UNUSED_VARIABLE = YES;
				IPHONEOS_DEPLOYMENT_TARGET = 13.5;
				MTL_ENABLE_DEBUG_INFO = INCLUDE_SOURCE;
				MTL_FAST_MATH = YES;
				ONLY_ACTIVE_ARCH = YES;
				SDKROOT = iphoneos;
				SWIFT_ACTIVE_COMPILATION_CONDITIONS = DEBUG;
				SWIFT_OPTIMIZATION_LEVEL = "-Onone";
			};
			name = Debug;
		};
		55B781BB24A616A30036F8E5 /* Release */ = {
			isa = XCBuildConfiguration;
			buildSettings = {
				ALWAYS_SEARCH_USER_PATHS = NO;
				CLANG_ANALYZER_NONNULL = YES;
				CLANG_ANALYZER_NUMBER_OBJECT_CONVERSION = YES_AGGRESSIVE;
				CLANG_CXX_LANGUAGE_STANDARD = "gnu++14";
				CLANG_CXX_LIBRARY = "libc++";
				CLANG_ENABLE_MODULES = YES;
				CLANG_ENABLE_OBJC_ARC = YES;
				CLANG_ENABLE_OBJC_WEAK = YES;
				CLANG_WARN_BLOCK_CAPTURE_AUTORELEASING = YES;
				CLANG_WARN_BOOL_CONVERSION = YES;
				CLANG_WARN_COMMA = YES;
				CLANG_WARN_CONSTANT_CONVERSION = YES;
				CLANG_WARN_DEPRECATED_OBJC_IMPLEMENTATIONS = YES;
				CLANG_WARN_DIRECT_OBJC_ISA_USAGE = YES_ERROR;
				CLANG_WARN_DOCUMENTATION_COMMENTS = YES;
				CLANG_WARN_EMPTY_BODY = YES;
				CLANG_WARN_ENUM_CONVERSION = YES;
				CLANG_WARN_INFINITE_RECURSION = YES;
				CLANG_WARN_INT_CONVERSION = YES;
				CLANG_WARN_NON_LITERAL_NULL_CONVERSION = YES;
				CLANG_WARN_OBJC_IMPLICIT_RETAIN_SELF = YES;
				CLANG_WARN_OBJC_LITERAL_CONVERSION = YES;
				CLANG_WARN_OBJC_ROOT_CLASS = YES_ERROR;
				CLANG_WARN_RANGE_LOOP_ANALYSIS = YES;
				CLANG_WARN_STRICT_PROTOTYPES = YES;
				CLANG_WARN_SUSPICIOUS_MOVE = YES;
				CLANG_WARN_UNGUARDED_AVAILABILITY = YES_AGGRESSIVE;
				CLANG_WARN_UNREACHABLE_CODE = YES;
				CLANG_WARN__DUPLICATE_METHOD_MATCH = YES;
				COPY_PHASE_STRIP = NO;
				DEBUG_INFORMATION_FORMAT = "dwarf-with-dsym";
				ENABLE_NS_ASSERTIONS = NO;
				ENABLE_STRICT_OBJC_MSGSEND = YES;
				GCC_C_LANGUAGE_STANDARD = gnu11;
				GCC_NO_COMMON_BLOCKS = YES;
				GCC_WARN_64_TO_32_BIT_CONVERSION = YES;
				GCC_WARN_ABOUT_RETURN_TYPE = YES_ERROR;
				GCC_WARN_UNDECLARED_SELECTOR = YES;
				GCC_WARN_UNINITIALIZED_AUTOS = YES_AGGRESSIVE;
				GCC_WARN_UNUSED_FUNCTION = YES;
				GCC_WARN_UNUSED_VARIABLE = YES;
				IPHONEOS_DEPLOYMENT_TARGET = 13.5;
				MTL_ENABLE_DEBUG_INFO = NO;
				MTL_FAST_MATH = YES;
				SDKROOT = iphoneos;
				SWIFT_COMPILATION_MODE = wholemodule;
				SWIFT_OPTIMIZATION_LEVEL = "-O";
				VALIDATE_PRODUCT = YES;
			};
			name = Release;
		};
		55B781BD24A616A30036F8E5 /* Debug */ = {
			isa = XCBuildConfiguration;
			buildSettings = {
				ASSETCATALOG_COMPILER_APPICON_NAME = AppIcon;
				CODE_SIGN_STYLE = Automatic;
				DEVELOPMENT_TEAM = ZKG876RKJ8;
				INFOPLIST_FILE = ExampleApps/Info.plist;
				LD_RUNPATH_SEARCH_PATHS = (
					"$(inherited)",
					"@executable_path/Frameworks",
				);
				PRODUCT_BUNDLE_IDENTIFIER = io.gnosis.WalletConnectSwift.ExampleApps;
				PRODUCT_NAME = "$(TARGET_NAME)";
				SWIFT_VERSION = 5.0;
				TARGETED_DEVICE_FAMILY = "1,2";
			};
			name = Debug;
		};
		55B781BE24A616A30036F8E5 /* Release */ = {
			isa = XCBuildConfiguration;
			buildSettings = {
				ASSETCATALOG_COMPILER_APPICON_NAME = AppIcon;
				CODE_SIGN_STYLE = Automatic;
				DEVELOPMENT_TEAM = ZKG876RKJ8;
				INFOPLIST_FILE = ExampleApps/Info.plist;
				LD_RUNPATH_SEARCH_PATHS = (
					"$(inherited)",
					"@executable_path/Frameworks",
				);
				PRODUCT_BUNDLE_IDENTIFIER = io.gnosis.WalletConnectSwift.ExampleApps;
				PRODUCT_NAME = "$(TARGET_NAME)";
				SWIFT_VERSION = 5.0;
				TARGETED_DEVICE_FAMILY = "1,2";
			};
			name = Release;
		};
/* End XCBuildConfiguration section */

/* Begin XCConfigurationList section */
		55B781A324A616A20036F8E5 /* Build configuration list for PBXProject "ExampleApps" */ = {
			isa = XCConfigurationList;
			buildConfigurations = (
				55B781BA24A616A30036F8E5 /* Debug */,
				55B781BB24A616A30036F8E5 /* Release */,
			);
			defaultConfigurationIsVisible = 0;
			defaultConfigurationName = Release;
		};
		55B781BC24A616A30036F8E5 /* Build configuration list for PBXNativeTarget "ExampleApps" */ = {
			isa = XCConfigurationList;
			buildConfigurations = (
				55B781BD24A616A30036F8E5 /* Debug */,
				55B781BE24A616A30036F8E5 /* Release */,
			);
			defaultConfigurationIsVisible = 0;
			defaultConfigurationName = Release;
		};
/* End XCConfigurationList section */
	};
	rootObject = 55B781A024A616A20036F8E5 /* Project object */;
}
