PODS:
  - CryptoSwift (1.0.0)
  - Starscream (3.1.0)
  - WalletConnectSwift (0.0.1):
    - CryptoSwift (~> 1.0)
    - Starscream (~> 3.1)

DEPENDENCIES:
  - WalletConnectSwift (from `https://github.com/gnosis/WalletConnectSwift.git`)

SPEC REPOS:
  https://github.com/cocoapods/specs.git:
    - CryptoSwift
    - Starscream

EXTERNAL SOURCES:
  WalletConnectSwift:
    :git: https://github.com/gnosis/WalletConnectSwift.git

CHECKOUT OPTIONS:
  WalletConnectSwift:
    :commit: e9b1481cc1ab364b82df7a5dbc4bf714dd54d57a
    :git: https://github.com/gnosis/WalletConnectSwift.git

SPEC CHECKSUMS:
  CryptoSwift: d81eeaa59dc5a8d03720fe919a6fd07b51f7439f
  Starscream: 08172b481e145289c4930cb567230fb55897cfa4
  WalletConnectSwift: 81869eaf714d8db327d6da4f9427c3f9b7d85ac6

PODFILE CHECKSUM: da95e9a4566cd080a4400c49298e9aac3519ae71

COCOAPODS: 1.7.5
